
Microsoft Visual Studio Solution File, Format Version 12.00
# Visual Studio Version 16
VisualStudioVersion = 16.0.810.6
MinimumVisualStudioVersion = 10.0.40219.1
Project("{FAE04EC0-301F-11D3-BF4B-00C04F79EFBC}") = "BackgroundDownloadTests.Android", "BackgroundDownloadTests.Android\BackgroundDownloadTests.Android.csproj", "{2338BF23-8D18-41E9-8172-02DC4EDDFEED}"
EndProject
Project("{FAE04EC0-301F-11D3-BF4B-00C04F79EFBC}") = "BackgroundDownloadTests.iOS", "BackgroundDownloadTests.iOS\BackgroundDownloadTests.iOS.csproj", "{2ED08F19-9F31-4435-9C3B-09573264E127}"
EndProject
Project("{FAE04EC0-301F-11D3-BF4B-00C04F79EFBC}") = "BackgroundDownloadTests", "BackgroundDownloadTests\BackgroundDownloadTests.csproj", "{09FD261C-B4EC-43C7-9373-7994A2105EB5}"
EndProject
Global
	GlobalSection(SolutionConfigurationPlatforms) = preSolution
		Debug|Any CPU = Debug|Any CPU
		Release|Any CPU = Release|Any CPU
		Debug|iPhoneSimulator = Debug|iPhoneSimulator
		Release|iPhoneSimulator = Release|iPhoneSimulator
		Debug|iPhone = Debug|iPhone
		Release|iPhone = Release|iPhone
	EndGlobalSection
	GlobalSection(ProjectConfigurationPlatforms) = postSolution
		{2338BF23-8D18-41E9-8172-02DC4EDDFEED}.Debug|Any CPU.ActiveCfg = Debug|Any CPU
		{2338BF23-8D18-41E9-8172-02DC4EDDFEED}.Debug|Any CPU.Build.0 = Debug|Any CPU
		{2338BF23-8D18-41E9-8172-02DC4EDDFEED}.Release|Any CPU.ActiveCfg = Release|Any CPU
		{2338BF23-8D18-41E9-8172-02DC4EDDFEED}.Release|Any CPU.Build.0 = Release|Any CPU
		{2338BF23-8D18-41E9-8172-02DC4EDDFEED}.Debug|iPhoneSimulator.ActiveCfg = Debug|Any CPU
		{2338BF23-8D18-41E9-8172-02DC4EDDFEED}.Debug|iPhoneSimulator.Build.0 = Debug|Any CPU
		{2338BF23-8D18-41E9-8172-02DC4EDDFEED}.Release|iPhoneSimulator.ActiveCfg = Release|Any CPU
		{2338BF23-8D18-41E9-8172-02DC4EDDFEED}.Release|iPhoneSimulator.Build.0 = Release|Any CPU
		{2338BF23-8D18-41E9-8172-02DC4EDDFEED}.Debug|iPhone.ActiveCfg = Debug|Any CPU
		{2338BF23-8D18-41E9-8172-02DC4EDDFEED}.Debug|iPhone.Build.0 = Debug|Any CPU
		{2338BF23-8D18-41E9-8172-02DC4EDDFEED}.Release|iPhone.ActiveCfg = Release|Any CPU
		{2338BF23-8D18-41E9-8172-02DC4EDDFEED}.Release|iPhone.Build.0 = Release|Any CPU
		{2ED08F19-9F31-4435-9C3B-09573264E127}.Debug|Any CPU.ActiveCfg = Debug|iPhoneSimulator
		{2ED08F19-9F31-4435-9C3B-09573264E127}.Debug|Any CPU.Build.0 = Debug|iPhoneSimulator
		{2ED08F19-9F31-4435-9C3B-09573264E127}.Release|Any CPU.ActiveCfg = Release|iPhoneSimulator
		{2ED08F19-9F31-4435-9C3B-09573264E127}.Release|Any CPU.Build.0 = Release|iPhoneSimulator
		{2ED08F19-9F31-4435-9C3B-09573264E127}.Debug|iPhoneSimulator.ActiveCfg = Debug|iPhoneSimulator
		{2ED08F19-9F31-4435-9C3B-09573264E127}.Debug|iPhoneSimulator.Build.0 = Debug|iPhoneSimulator
		{2ED08F19-9F31-4435-9C3B-09573264E127}.Release|iPhoneSimulator.ActiveCfg = Release|iPhoneSimulator
		{2ED08F19-9F31-4435-9C3B-09573264E127}.Release|iPhoneSimulator.Build.0 = Release|iPhoneSimulator
		{2ED08F19-9F31-4435-9C3B-09573264E127}.Debug|iPhone.ActiveCfg = Debug|iPhone
		{2ED08F19-9F31-4435-9C3B-09573264E127}.Debug|iPhone.Build.0 = Debug|iPhone
		{2ED08F19-9F31-4435-9C3B-09573264E127}.Release|iPhone.ActiveCfg = Release|iPhone
		{2ED08F19-9F31-4435-9C3B-09573264E127}.Release|iPhone.Build.0 = Release|iPhone
		{09FD261C-B4EC-43C7-9373-7994A2105EB5}.Debug|Any CPU.ActiveCfg = Debug|Any CPU
		{09FD261C-B4EC-43C7-9373-7994A2105EB5}.Debug|Any CPU.Build.0 = Debug|Any CPU
		{09FD261C-B4EC-43C7-9373-7994A2105EB5}.Release|Any CPU.ActiveCfg = Release|Any CPU
		{09FD261C-B4EC-43C7-9373-7994A2105EB5}.Release|Any CPU.Build.0 = Release|Any CPU
		{09FD261C-B4EC-43C7-9373-7994A2105EB5}.Debug|iPhoneSimulator.ActiveCfg = Debug|Any CPU
		{09FD261C-B4EC-43C7-9373-7994A2105EB5}.Debug|iPhoneSimulator.Build.0 = Debug|Any CPU
		{09FD261C-B4EC-43C7-9373-7994A2105EB5}.Release|iPhoneSimulator.ActiveCfg = Release|Any CPU
		{09FD261C-B4EC-43C7-9373-7994A2105EB5}.Release|iPhoneSimulator.Build.0 = Release|Any CPU
		{09FD261C-B4EC-43C7-9373-7994A2105EB5}.Debug|iPhone.ActiveCfg = Debug|Any CPU
		{09FD261C-B4EC-43C7-9373-7994A2105EB5}.Debug|iPhone.Build.0 = Debug|Any CPU
		{09FD261C-B4EC-43C7-9373-7994A2105EB5}.Release|iPhone.ActiveCfg = Release|Any CPU
		{09FD261C-B4EC-43C7-9373-7994A2105EB5}.Release|iPhone.Build.0 = Release|Any CPU
	EndGlobalSection
	GlobalSection(SolutionProperties) = preSolution
		HideSolutionNode = FALSE
	EndGlobalSection
	GlobalSection(ExtensibilityGlobals) = postSolution
		SolutionGuid = {6CCC896C-2FE6-42A1-AEEE-1A0BCB4BF4EE}
	EndGlobalSection
EndGlobal
